
Microsoft Visual Studio Solution File, Format Version 12.00
# Visual Studio 15
Project("{FAE04EC0-301F-11D3-BF4B-00C04F79EFBC}") = "Assembly-CSharp", "Assembly-CSharp.csproj", "{A55DC99F-1E5E-C311-ED28-22DCE5F7AFE6}"
EndProject
Project("{FAE04EC0-301F-11D3-BF4B-00C04F79EFBC}") = "Assembly-CSharp-Editor", "Assembly-CSharp-Editor.csproj", "{8F8B04C2-DA2D-FAB7-FFE7-70DF88D3FA06}"
EndProject
Global
	GlobalSection(SolutionConfigurationPlatforms) = preSolution
		Debug|Any CPU = Debug|Any CPU
		Release|Any CPU = Release|Any CPU
	EndGlobalSection
	GlobalSection(ProjectConfigurationPlatforms) = postSolution
		{A55DC99F-1E5E-C311-ED28-22DCE5F7AFE6}.Debug|Any CPU.ActiveCfg = Debug|Any CPU
		{A55DC99F-1E5E-C311-ED28-22DCE5F7AFE6}.Debug|Any CPU.Build.0 = Debug|Any CPU
		{A55DC99F-1E5E-C311-ED28-22DCE5F7AFE6}.Release|Any CPU.ActiveCfg = Release|Any CPU
		{A55DC99F-1E5E-C311-ED28-22DCE5F7AFE6}.Release|Any CPU.Build.0 = Release|Any CPU
		{8F8B04C2-DA2D-FAB7-FFE7-70DF88D3FA06}.Debug|Any CPU.ActiveCfg = Debug|Any CPU
		{8F8B04C2-DA2D-FAB7-FFE7-70DF88D3FA06}.Debug|Any CPU.Build.0 = Debug|Any CPU
		{8F8B04C2-DA2D-FAB7-FFE7-70DF88D3FA06}.Release|Any CPU.ActiveCfg = Release|Any CPU
		{8F8B04C2-DA2D-FAB7-FFE7-70DF88D3FA06}.Release|Any CPU.Build.0 = Release|Any CPU
	EndGlobalSection
	GlobalSection(SolutionProperties) = preSolution
		HideSolutionNode = FALSE
	EndGlobalSection
EndGlobal
